
Microsoft Visual Studio Solution File, Format Version 12.00
# Visual Studio Version 16
VisualStudioVersion = 16.0.30011.22
MinimumVisualStudioVersion = 10.0.40219.1
Project("{9A19103F-16F7-4668-BE54-9A1E7A4F7556}") = "jai-lsp-server", "Server\jai-lsp-server.csproj", "{4B16E30D-F747-46C5-8627-E36851C1AEEE}"
EndProject
Project("{8BC9CEB8-8B4A-11D0-8D11-00A0C91BC942}") = "tree-sitter-jai-wrapper", "Tree-sitter-jai-lib\Tree-sitter-jai-lib.vcxproj", "{29A326AD-5FDA-4DF1-BAEA-8E82135E95F2}"
EndProject
Project("{8BC9CEB8-8B4A-11D0-8D11-00A0C91BC942}") = "ParserTester", "ParserTester\ParserTester.vcxproj", "{1239A450-6B4A-462A-BE12-BCF8D4FEB49D}"
EndProject
Project("{9A19103F-16F7-4668-BE54-9A1E7A4F7556}") = "jai-lsp-server-core", "jai-lsp-server-core\jai-lsp-server-core.csproj", "{B417E487-E6C3-4ACD-BFBC-D1B8730F82E2}"
	ProjectSection(ProjectDependencies) = postProject
		{29A326AD-5FDA-4DF1-BAEA-8E82135E95F2} = {29A326AD-5FDA-4DF1-BAEA-8E82135E95F2}
	EndProjectSection
EndProject
Global
	GlobalSection(SolutionConfigurationPlatforms) = preSolution
		Debug|Any CPU = Debug|Any CPU
		Debug|x64 = Debug|x64
		Debug|x86 = Debug|x86
		Release|Any CPU = Release|Any CPU
		Release|x64 = Release|x64
		Release|x86 = Release|x86
	EndGlobalSection
	GlobalSection(ProjectConfigurationPlatforms) = postSolution
		{4B16E30D-F747-46C5-8627-E36851C1AEEE}.Debug|Any CPU.ActiveCfg = Debug|Any CPU
		{4B16E30D-F747-46C5-8627-E36851C1AEEE}.Debug|Any CPU.Build.0 = Debug|Any CPU
		{4B16E30D-F747-46C5-8627-E36851C1AEEE}.Debug|x64.ActiveCfg = Debug|Any CPU
		{4B16E30D-F747-46C5-8627-E36851C1AEEE}.Debug|x64.Build.0 = Debug|Any CPU
		{4B16E30D-F747-46C5-8627-E36851C1AEEE}.Debug|x86.ActiveCfg = Debug|Any CPU
		{4B16E30D-F747-46C5-8627-E36851C1AEEE}.Debug|x86.Build.0 = Debug|Any CPU
		{4B16E30D-F747-46C5-8627-E36851C1AEEE}.Release|Any CPU.ActiveCfg = Release|Any CPU
		{4B16E30D-F747-46C5-8627-E36851C1AEEE}.Release|x64.ActiveCfg = Release|Any CPU
		{4B16E30D-F747-46C5-8627-E36851C1AEEE}.Release|x86.ActiveCfg = Release|Any CPU
		{29A326AD-5FDA-4DF1-BAEA-8E82135E95F2}.Debug|Any CPU.ActiveCfg = Debug|x64
		{29A326AD-5FDA-4DF1-BAEA-8E82135E95F2}.Debug|Any CPU.Build.0 = Debug|x64
		{29A326AD-5FDA-4DF1-BAEA-8E82135E95F2}.Debug|x64.ActiveCfg = Debug|x64
		{29A326AD-5FDA-4DF1-BAEA-8E82135E95F2}.Debug|x64.Build.0 = Debug|x64
		{29A326AD-5FDA-4DF1-BAEA-8E82135E95F2}.Debug|x86.ActiveCfg = Debug|Win32
		{29A326AD-5FDA-4DF1-BAEA-8E82135E95F2}.Debug|x86.Build.0 = Debug|Win32
		{29A326AD-5FDA-4DF1-BAEA-8E82135E95F2}.Release|Any CPU.ActiveCfg = Release|Win32
		{29A326AD-5FDA-4DF1-BAEA-8E82135E95F2}.Release|x64.ActiveCfg = Release|x64
		{29A326AD-5FDA-4DF1-BAEA-8E82135E95F2}.Release|x64.Build.0 = Release|x64
		{29A326AD-5FDA-4DF1-BAEA-8E82135E95F2}.Release|x86.ActiveCfg = SuperRelease|Win32
		{29A326AD-5FDA-4DF1-BAEA-8E82135E95F2}.Release|x86.Build.0 = SuperRelease|Win32
		{1239A450-6B4A-462A-BE12-BCF8D4FEB49D}.Debug|Any CPU.ActiveCfg = Debug|Win32
		{1239A450-6B4A-462A-BE12-BCF8D4FEB49D}.Debug|x64.ActiveCfg = Debug|x64
		{1239A450-6B4A-462A-BE12-BCF8D4FEB49D}.Debug|x64.Build.0 = Debug|x64
		{1239A450-6B4A-462A-BE12-BCF8D4FEB49D}.Debug|x86.ActiveCfg = Debug|Win32
		{1239A450-6B4A-462A-BE12-BCF8D4FEB49D}.Debug|x86.Build.0 = Debug|Win32
		{1239A450-6B4A-462A-BE12-BCF8D4FEB49D}.Release|Any CPU.ActiveCfg = Release|Win32
		{1239A450-6B4A-462A-BE12-BCF8D4FEB49D}.Release|x64.ActiveCfg = Release|x64
		{1239A450-6B4A-462A-BE12-BCF8D4FEB49D}.Release|x64.Build.0 = Release|x64
		{1239A450-6B4A-462A-BE12-BCF8D4FEB49D}.Release|x86.ActiveCfg = Release|Win32
		{B417E487-E6C3-4ACD-BFBC-D1B8730F82E2}.Debug|Any CPU.ActiveCfg = Debug|Any CPU
		{B417E487-E6C3-4ACD-BFBC-D1B8730F82E2}.Debug|Any CPU.Build.0 = Debug|Any CPU
		{B417E487-E6C3-4ACD-BFBC-D1B8730F82E2}.Debug|x64.ActiveCfg = Debug|x64
		{B417E487-E6C3-4ACD-BFBC-D1B8730F82E2}.Debug|x64.Build.0 = Debug|x64
		{B417E487-E6C3-4ACD-BFBC-D1B8730F82E2}.Debug|x86.ActiveCfg = Debug|Any CPU
		{B417E487-E6C3-4ACD-BFBC-D1B8730F82E2}.Debug|x86.Build.0 = Debug|Any CPU
		{B417E487-E6C3-4ACD-BFBC-D1B8730F82E2}.Release|Any CPU.ActiveCfg = Release|Any CPU
		{B417E487-E6C3-4ACD-BFBC-D1B8730F82E2}.Release|Any CPU.Build.0 = Release|Any CPU
		{B417E487-E6C3-4ACD-BFBC-D1B8730F82E2}.Release|x64.ActiveCfg = Release|x64
		{B417E487-E6C3-4ACD-BFBC-D1B8730F82E2}.Release|x64.Build.0 = Release|x64
		{B417E487-E6C3-4ACD-BFBC-D1B8730F82E2}.Release|x86.ActiveCfg = Release|Any CPU
		{B417E487-E6C3-4ACD-BFBC-D1B8730F82E2}.Release|x86.Build.0 = Release|Any CPU
	EndGlobalSection
	GlobalSection(SolutionProperties) = preSolution
		HideSolutionNode = FALSE
	EndGlobalSection
	GlobalSection(ExtensibilityGlobals) = postSolution
		SolutionGuid = {E7A6F135-C4E7-4FC9-B1D2-53EBCD229CE5}
	EndGlobalSection
EndGlobal
